
Microsoft Visual Studio Solution File, Format Version 12.00
# Visual Studio Version 17
VisualStudioVersion = 17.14.37012.4 d17.14
MinimumVisualStudioVersion = 10.0.40219.1
Project("{FAE04EC0-301F-11D3-BF4B-00C04F79EFBC}") = "Vjezba1", "Vjezba1.csproj", "{4C945B3A-7B5B-4FDD-B6C8-05EB31FA002F}"
EndProject
Global
	GlobalSection(SolutionConfigurationPlatforms) = preSolution
		Debug|Any CPU = Debug|Any CPU
		Release|Any CPU = Release|Any CPU
	EndGlobalSection
	GlobalSection(ProjectConfigurationPlatforms) = postSolution
		{4C945B3A-7B5B-4FDD-B6C8-05EB31FA002F}.Debug|Any CPU.ActiveCfg = Debug|Any CPU
		{4C945B3A-7B5B-4FDD-B6C8-05EB31FA002F}.Debug|Any CPU.Build.0 = Debug|Any CPU
		{4C945B3A-7B5B-4FDD-B6C8-05EB31FA002F}.Release|Any CPU.ActiveCfg = Release|Any CPU
		{4C945B3A-7B5B-4FDD-B6C8-05EB31FA002F}.Release|Any CPU.Build.0 = Release|Any CPU
	EndGlobalSection
	GlobalSection(SolutionProperties) = preSolution
		HideSolutionNode = FALSE
	EndGlobalSection
	GlobalSection(ExtensibilityGlobals) = postSolution
		SolutionGuid = {1C971627-C5A0-4B7F-9EF6-AC2AC6675975}
	EndGlobalSection
EndGlobal
